// !$*UTF8*$!
{
	archiveVersion = 1;
	classes = {
	};
	objectVersion = 46;
	objects = {

/* Begin PBXBuildFile section */
		0C168D4C1D2666A40008F58A /* main.m in Sources */ = {isa = PBXBuildFile; fileRef = 0C168D4B1D2666A40008F58A /* main.m */; };
		0C168D4F1D2666A50008F58A /* AppDelegate.m in Sources */ = {isa = PBXBuildFile; fileRef = 0C168D4E1D2666A50008F58A /* AppDelegate.m */; };
		0C168D521D2666A50008F58A /* ViewController.m in Sources */ = {isa = PBXBuildFile; fileRef = 0C168D511D2666A50008F58A /* ViewController.m */; };
		0C168D571D2666A50008F58A /* Assets.xcassets in Resources */ = {isa = PBXBuildFile; fileRef = 0C168D561D2666A50008F58A /* Assets.xcassets */; };
		0C168D5A1D2666A50008F58A /* LaunchScreen.storyboard in Resources */ = {isa = PBXBuildFile; fileRef = 0C168D581D2666A50008F58A /* LaunchScreen.storyboard */; };
		0C168D651D266C7F0008F58A /* HcdAudioPlayer.m in Sources */ = {isa = PBXBuildFile; fileRef = 0C168D641D266C7F0008F58A /* HcdAudioPlayer.m */; };
		0C168D671D266D010008F58A /* AVFoundation.framework in Frameworks */ = {isa = PBXBuildFile; fileRef = 0C168D661D266D010008F58A /* AVFoundation.framework */; };
		0C168D691D266E930008F58A /* Foundation.framework in Frameworks */ = {isa = PBXBuildFile; fileRef = 0C168D681D266E930008F58A /* Foundation.framework */; };
		0CCC79721D2B3D0700328529 /* icon_full@2x.png in Resources */ = {isa = PBXBuildFile; fileRef = 0CCC796A1D2B3D0700328529 /* icon_full@2x.png */; };
		0CCC79731D2B3D0700328529 /* icon_full@3x.png in Resources */ = {isa = PBXBuildFile; fileRef = 0CCC796B1D2B3D0700328529 /* icon_full@3x.png */; };
		0CCC79741D2B3D0700328529 /* icon_pause@2x.png in Resources */ = {isa = PBXBuildFile; fileRef = 0CCC796C1D2B3D0700328529 /* icon_pause@2x.png */; };
		0CCC79751D2B3D0700328529 /* icon_pause@3x.png in Resources */ = {isa = PBXBuildFile; fileRef = 0CCC796D1D2B3D0700328529 /* icon_pause@3x.png */; };
		0CCC79761D2B3D0700328529 /* icon_play@2x.png in Resources */ = {isa = PBXBuildFile; fileRef = 0CCC796E1D2B3D0700328529 /* icon_play@2x.png */; };
		0CCC79771D2B3D0700328529 /* icon_play@3x.png in Resources */ = {isa = PBXBuildFile; fileRef = 0CCC796F1D2B3D0700328529 /* icon_play@3x.png */; };
		0CCC79781D2B3D0700328529 /* icon_play_hl@2x.png in Resources */ = {isa = PBXBuildFile; fileRef = 0CCC79701D2B3D0700328529 /* icon_play_hl@2x.png */; };
		0CCC79791D2B3D0700328529 /* icon_play_hl@3x.png in Resources */ = {isa = PBXBuildFile; fileRef = 0CCC79711D2B3D0700328529 /* icon_play_hl@3x.png */; };
		0CCC79951D2B950900328529 /* Info.plist in Resources */ = {isa = PBXBuildFile; fileRef = 0CCC797B1D2B950900328529 /* Info.plist */; };
		0CCC79961D2B950900328529 /* MASCompositeConstraint.m in Sources */ = {isa = PBXBuildFile; fileRef = 0CCC797D1D2B950900328529 /* MASCompositeConstraint.m */; };
		0CCC79971D2B950900328529 /* MASConstraint.m in Sources */ = {isa = PBXBuildFile; fileRef = 0CCC79801D2B950900328529 /* MASConstraint.m */; };
		0CCC79981D2B950900328529 /* MASConstraintMaker.m in Sources */ = {isa = PBXBuildFile; fileRef = 0CCC79821D2B950900328529 /* MASConstraintMaker.m */; };
		0CCC79991D2B950900328529 /* MASLayoutConstraint.m in Sources */ = {isa = PBXBuildFile; fileRef = 0CCC79841D2B950900328529 /* MASLayoutConstraint.m */; };
		0CCC799A1D2B950900328529 /* MASViewAttribute.m in Sources */ = {isa = PBXBuildFile; fileRef = 0CCC79881D2B950900328529 /* MASViewAttribute.m */; };
		0CCC799B1D2B950900328529 /* MASViewConstraint.m in Sources */ = {isa = PBXBuildFile; fileRef = 0CCC798A1D2B950900328529 /* MASViewConstraint.m */; };
		0CCC799C1D2B950900328529 /* NSArray+MASAdditions.m in Sources */ = {isa = PBXBuildFile; fileRef = 0CCC798C1D2B950900328529 /* NSArray+MASAdditions.m */; };
		0CCC799D1D2B950900328529 /* NSLayoutConstraint+MASDebugAdditions.m in Sources */ = {isa = PBXBuildFile; fileRef = 0CCC798F1D2B950900328529 /* NSLayoutConstraint+MASDebugAdditions.m */; };
		0CCC799E1D2B950900328529 /* View+MASAdditions.m in Sources */ = {isa = PBXBuildFile; fileRef = 0CCC79911D2B950900328529 /* View+MASAdditions.m */; };
		0CCC799F1D2B950900328529 /* ViewController+MASAdditions.m in Sources */ = {isa = PBXBuildFile; fileRef = 0CCC79941D2B950900328529 /* ViewController+MASAdditions.m */; };
		0CCC79A21D2C905A00328529 /* HcdPlayerView.m in Sources */ = {isa = PBXBuildFile; fileRef = 0CCC79A11D2C905A00328529 /* HcdPlayerView.m */; };
		0CD99F6C1D29F75B0069E8B0 /* HcdCacheVideoPlayer.m in Sources */ = {isa = PBXBuildFile; fileRef = 0CD99F6B1D29F75B0069E8B0 /* HcdCacheVideoPlayer.m */; };
		0CD99F831D2A36DE0069E8B0 /* HcdVideoRequestTask.m in Sources */ = {isa = PBXBuildFile; fileRef = 0CD99F821D2A36DE0069E8B0 /* HcdVideoRequestTask.m */; };
		0CD99F861D2A3E200069E8B0 /* HcdLoaderURLConnection.m in Sources */ = {isa = PBXBuildFile; fileRef = 0CD99F851D2A3E200069E8B0 /* HcdLoaderURLConnection.m */; };
		0CD99F881D2A45840069E8B0 /* MobileCoreServices.framework in Frameworks */ = {isa = PBXBuildFile; fileRef = 0CD99F871D2A45840069E8B0 /* MobileCoreServices.framework */; };
		0CD99F8B1D2A52BF0069E8B0 /* NSString+HCD.m in Sources */ = {isa = PBXBuildFile; fileRef = 0CD99F8A1D2A52BF0069E8B0 /* NSString+HCD.m */; };
		0CDE049F1D2DF9E3009E87ED /* HcdTimeSheetView.m in Sources */ = {isa = PBXBuildFile; fileRef = 0CDE049E1D2DF9E3009E87ED /* HcdTimeSheetView.m */; };
		0CDE04A21D2DFCAB009E87ED /* progress_icon_l@2x.png in Resources */ = {isa = PBXBuildFile; fileRef = 0CDE04A01D2DFCAB009E87ED /* progress_icon_l@2x.png */; };
		0CDE04A31D2DFCAB009E87ED /* progress_icon_l@3x.png in Resources */ = {isa = PBXBuildFile; fileRef = 0CDE04A11D2DFCAB009E87ED /* progress_icon_l@3x.png */; };
		0CDE04A61D2DFCCF009E87ED /* progress_icon_r@2x.png in Resources */ = {isa = PBXBuildFile; fileRef = 0CDE04A41D2DFCCF009E87ED /* progress_icon_r@2x.png */; };
		0CDE04A71D2DFCCF009E87ED /* progress_icon_r@3x.png in Resources */ = {isa = PBXBuildFile; fileRef = 0CDE04A51D2DFCCF009E87ED /* progress_icon_r@3x.png */; };
/* End PBXBuildFile section */

/* Begin PBXFileReference section */
		0C168D471D2666A30008F58A /* hcdCachePlayerDemo.app */ = {isa = PBXFileReference; explicitFileType = wrapper.application; includeInIndex = 0; path = hcdCachePlayerDemo.app; sourceTree = BUILT_PRODUCTS_DIR; };
		0C168D4B1D2666A40008F58A /* main.m */ = {isa = PBXFileReference; lastKnownFileType = sourcecode.c.objc; path = main.m; sourceTree = "<group>"; };
		0C168D4D1D2666A50008F58A /* AppDelegate.h */ = {isa = PBXFileReference; lastKnownFileType = sourcecode.c.h; path = AppDelegate.h; sourceTree = "<group>"; };
		0C168D4E1D2666A50008F58A /* AppDelegate.m */ = {isa = PBXFileReference; lastKnownFileType = sourcecode.c.objc; path = AppDelegate.m; sourceTree = "<group>"; };
		0C168D501D2666A50008F58A /* ViewController.h */ = {isa = PBXFileReference; lastKnownFileType = sourcecode.c.h; path = ViewController.h; sourceTree = "<group>"; };
		0C168D511D2666A50008F58A /* ViewController.m */ = {isa = PBXFileReference; lastKnownFileType = sourcecode.c.objc; path = ViewController.m; sourceTree = "<group>"; };
		0C168D561D2666A50008F58A /* Assets.xcassets */ = {isa = PBXFileReference; lastKnownFileType = folder.assetcatalog; path = Assets.xcassets; sourceTree = "<group>"; };
		0C168D591D2666A50008F58A /* Base */ = {isa = PBXFileReference; lastKnownFileType = file.storyboard; name = Base; path = Base.lproj/LaunchScreen.storyboard; sourceTree = "<group>"; };
		0C168D5B1D2666A50008F58A /* Info.plist */ = {isa = PBXFileReference; lastKnownFileType = text.plist.xml; path = Info.plist; sourceTree = "<group>"; };
		0C168D631D266C7F0008F58A /* HcdAudioPlayer.h */ = {isa = PBXFileReference; fileEncoding = 4; lastKnownFileType = sourcecode.c.h; path = HcdAudioPlayer.h; sourceTree = "<group>"; };
		0C168D641D266C7F0008F58A /* HcdAudioPlayer.m */ = {isa = PBXFileReference; fileEncoding = 4; lastKnownFileType = sourcecode.c.objc; path = HcdAudioPlayer.m; sourceTree = "<group>"; };
		0C168D661D266D010008F58A /* AVFoundation.framework */ = {isa = PBXFileReference; lastKnownFileType = wrapper.framework; name = AVFoundation.framework; path = System/Library/Frameworks/AVFoundation.framework; sourceTree = SDKROOT; };
		0C168D681D266E930008F58A /* Foundation.framework */ = {isa = PBXFileReference; lastKnownFileType = wrapper.framework; name = Foundation.framework; path = System/Library/Frameworks/Foundation.framework; sourceTree = SDKROOT; };
		0CCC796A1D2B3D0700328529 /* icon_full@2x.png */ = {isa = PBXFileReference; lastKnownFileType = image.png; path = "icon_full@2x.png"; sourceTree = "<group>"; };
		0CCC796B1D2B3D0700328529 /* icon_full@3x.png */ = {isa = PBXFileReference; lastKnownFileType = image.png; path = "icon_full@3x.png"; sourceTree = "<group>"; };
		0CCC796C1D2B3D0700328529 /* icon_pause@2x.png */ = {isa = PBXFileReference; lastKnownFileType = image.png; path = "icon_pause@2x.png"; sourceTree = "<group>"; };
		0CCC796D1D2B3D0700328529 /* icon_pause@3x.png */ = {isa = PBXFileReference; lastKnownFileType = image.png; path = "icon_pause@3x.png"; sourceTree = "<group>"; };
		0CCC796E1D2B3D0700328529 /* icon_play@2x.png */ = {isa = PBXFileReference; lastKnownFileType = image.png; path = "icon_play@2x.png"; sourceTree = "<group>"; };
		0CCC796F1D2B3D0700328529 /* icon_play@3x.png */ = {isa = PBXFileReference; lastKnownFileType = image.png; path = "icon_play@3x.png"; sourceTree = "<group>"; };
		0CCC79701D2B3D0700328529 /* icon_play_hl@2x.png */ = {isa = PBXFileReference; lastKnownFileType = image.png; path = "icon_play_hl@2x.png"; sourceTree = "<group>"; };
		0CCC79711D2B3D0700328529 /* icon_play_hl@3x.png */ = {isa = PBXFileReference; lastKnownFileType = image.png; path = "icon_play_hl@3x.png"; sourceTree = "<group>"; };
		0CCC797B1D2B950900328529 /* Info.plist */ = {isa = PBXFileReference; fileEncoding = 4; lastKnownFileType = text.plist.xml; path = Info.plist; sourceTree = "<group>"; };
		0CCC797C1D2B950900328529 /* MASCompositeConstraint.h */ = {isa = PBXFileReference; fileEncoding = 4; lastKnownFileType = sourcecode.c.h; path = MASCompositeConstraint.h; sourceTree = "<group>"; };
		0CCC797D1D2B950900328529 /* MASCompositeConstraint.m */ = {isa = PBXFileReference; fileEncoding = 4; lastKnownFileType = sourcecode.c.objc; path = MASCompositeConstraint.m; sourceTree = "<group>"; };
		0CCC797E1D2B950900328529 /* MASConstraint+Private.h */ = {isa = PBXFileReference; fileEncoding = 4; lastKnownFileType = sourcecode.c.h; path = "MASConstraint+Private.h"; sourceTree = "<group>"; };
		0CCC797F1D2B950900328529 /* MASConstraint.h */ = {isa = PBXFileReference; fileEncoding = 4; lastKnownFileType = sourcecode.c.h; path = MASConstraint.h; sourceTree = "<group>"; };
		0CCC79801D2B950900328529 /* MASConstraint.m */ = {isa = PBXFileReference; fileEncoding = 4; lastKnownFileType = sourcecode.c.objc; path = MASConstraint.m; sourceTree = "<group>"; };
		0CCC79811D2B950900328529 /* MASConstraintMaker.h */ = {isa = PBXFileReference; fileEncoding = 4; lastKnownFileType = sourcecode.c.h; path = MASConstraintMaker.h; sourceTree = "<group>"; };
		0CCC79821D2B950900328529 /* MASConstraintMaker.m */ = {isa = PBXFileReference; fileEncoding = 4; lastKnownFileType = sourcecode.c.objc; path = MASConstraintMaker.m; sourceTree = "<group>"; };
		0CCC79831D2B950900328529 /* MASLayoutConstraint.h */ = {isa = PBXFileReference; fileEncoding = 4; lastKnownFileType = sourcecode.c.h; path = MASLayoutConstraint.h; sourceTree = "<group>"; };
		0CCC79841D2B950900328529 /* MASLayoutConstraint.m */ = {isa = PBXFileReference; fileEncoding = 4; lastKnownFileType = sourcecode.c.objc; path = MASLayoutConstraint.m; sourceTree = "<group>"; };
		0CCC79851D2B950900328529 /* Masonry.h */ = {isa = PBXFileReference; fileEncoding = 4; lastKnownFileType = sourcecode.c.h; path = Masonry.h; sourceTree = "<group>"; };
		0CCC79861D2B950900328529 /* MASUtilities.h */ = {isa = PBXFileReference; fileEncoding = 4; lastKnownFileType = sourcecode.c.h; path = MASUtilities.h; sourceTree = "<group>"; };
		0CCC79871D2B950900328529 /* MASViewAttribute.h */ = {isa = PBXFileReference; fileEncoding = 4; lastKnownFileType = sourcecode.c.h; path = MASViewAttribute.h; sourceTree = "<group>"; };
		0CCC79881D2B950900328529 /* MASViewAttribute.m */ = {isa = PBXFileReference; fileEncoding = 4; lastKnownFileType = sourcecode.c.objc; path = MASViewAttribute.m; sourceTree = "<group>"; };
		0CCC79891D2B950900328529 /* MASViewConstraint.h */ = {isa = PBXFileReference; fileEncoding = 4; lastKnownFileType = sourcecode.c.h; path = MASViewConstraint.h; sourceTree = "<group>"; };
		0CCC798A1D2B950900328529 /* MASViewConstraint.m */ = {isa = PBXFileReference; fileEncoding = 4; lastKnownFileType = sourcecode.c.objc; path = MASViewConstraint.m; sourceTree = "<group>"; };
		0CCC798B1D2B950900328529 /* NSArray+MASAdditions.h */ = {isa = PBXFileReference; fileEncoding = 4; lastKnownFileType = sourcecode.c.h; path = "NSArray+MASAdditions.h"; sourceTree = "<group>"; };
		0CCC798C1D2B950900328529 /* NSArray+MASAdditions.m */ = {isa = PBXFileReference; fileEncoding = 4; lastKnownFileType = sourcecode.c.objc; path = "NSArray+MASAdditions.m"; sourceTree = "<group>"; };
		0CCC798D1D2B950900328529 /* NSArray+MASShorthandAdditions.h */ = {isa = PBXFileReference; fileEncoding = 4; lastKnownFileType = sourcecode.c.h; path = "NSArray+MASShorthandAdditions.h"; sourceTree = "<group>"; };
		0CCC798E1D2B950900328529 /* NSLayoutConstraint+MASDebugAdditions.h */ = {isa = PBXFileReference; fileEncoding = 4; lastKnownFileType = sourcecode.c.h; path = "NSLayoutConstraint+MASDebugAdditions.h"; sourceTree = "<group>"; };
		0CCC798F1D2B950900328529 /* NSLayoutConstraint+MASDebugAdditions.m */ = {isa = PBXFileReference; fileEncoding = 4; lastKnownFileType = sourcecode.c.objc; path = "NSLayoutConstraint+MASDebugAdditions.m"; sourceTree = "<group>"; };
		0CCC79901D2B950900328529 /* View+MASAdditions.h */ = {isa = PBXFileReference; fileEncoding = 4; lastKnownFileType = sourcecode.c.h; path = "View+MASAdditions.h"; sourceTree = "<group>"; };
		0CCC79911D2B950900328529 /* View+MASAdditions.m */ = {isa = PBXFileReference; fileEncoding = 4; lastKnownFileType = sourcecode.c.objc; path = "View+MASAdditions.m"; sourceTree = "<group>"; };
		0CCC79921D2B950900328529 /* View+MASShorthandAdditions.h */ = {isa = PBXFileReference; fileEncoding = 4; lastKnownFileType = sourcecode.c.h; path = "View+MASShorthandAdditions.h"; sourceTree = "<group>"; };
		0CCC79931D2B950900328529 /* ViewController+MASAdditions.h */ = {isa = PBXFileReference; fileEncoding = 4; lastKnownFileType = sourcecode.c.h; path = "ViewController+MASAdditions.h"; sourceTree = "<group>"; };
		0CCC79941D2B950900328529 /* ViewController+MASAdditions.m */ = {isa = PBXFileReference; fileEncoding = 4; lastKnownFileType = sourcecode.c.objc; path = "ViewController+MASAdditions.m"; sourceTree = "<group>"; };
		0CCC79A01D2C905A00328529 /* HcdPlayerView.h */ = {isa = PBXFileReference; fileEncoding = 4; lastKnownFileType = sourcecode.c.h; path = HcdPlayerView.h; sourceTree = "<group>"; };
		0CCC79A11D2C905A00328529 /* HcdPlayerView.m */ = {isa = PBXFileReference; fileEncoding = 4; lastKnownFileType = sourcecode.c.objc; path = HcdPlayerView.m; sourceTree = "<group>"; };
		0CD99F6A1D29F75B0069E8B0 /* HcdCacheVideoPlayer.h */ = {isa = PBXFileReference; fileEncoding = 4; lastKnownFileType = sourcecode.c.h; path = HcdCacheVideoPlayer.h; sourceTree = "<group>"; };
		0CD99F6B1D29F75B0069E8B0 /* HcdCacheVideoPlayer.m */ = {isa = PBXFileReference; fileEncoding = 4; lastKnownFileType = sourcecode.c.objc; path = HcdCacheVideoPlayer.m; sourceTree = "<group>"; };
		0CD99F811D2A36DE0069E8B0 /* HcdVideoRequestTask.h */ = {isa = PBXFileReference; fileEncoding = 4; lastKnownFileType = sourcecode.c.h; path = HcdVideoRequestTask.h; sourceTree = "<group>"; };
		0CD99F821D2A36DE0069E8B0 /* HcdVideoRequestTask.m */ = {isa = PBXFileReference; fileEncoding = 4; lastKnownFileType = sourcecode.c.objc; path = HcdVideoRequestTask.m; sourceTree = "<group>"; };
		0CD99F841D2A3E200069E8B0 /* HcdLoaderURLConnection.h */ = {isa = PBXFileReference; fileEncoding = 4; lastKnownFileType = sourcecode.c.h; path = HcdLoaderURLConnection.h; sourceTree = "<group>"; };
		0CD99F851D2A3E200069E8B0 /* HcdLoaderURLConnection.m */ = {isa = PBXFileReference; fileEncoding = 4; lastKnownFileType = sourcecode.c.objc; path = HcdLoaderURLConnection.m; sourceTree = "<group>"; };
		0CD99F871D2A45840069E8B0 /* MobileCoreServices.framework */ = {isa = PBXFileReference; lastKnownFileType = wrapper.framework; name = MobileCoreServices.framework; path = System/Library/Frameworks/MobileCoreServices.framework; sourceTree = SDKROOT; };
		0CD99F891D2A52BF0069E8B0 /* NSString+HCD.h */ = {isa = PBXFileReference; fileEncoding = 4; lastKnownFileType = sourcecode.c.h; path = "NSString+HCD.h"; sourceTree = "<group>"; };
		0CD99F8A1D2A52BF0069E8B0 /* NSString+HCD.m */ = {isa = PBXFileReference; fileEncoding = 4; lastKnownFileType = sourcecode.c.objc; path = "NSString+HCD.m"; sourceTree = "<group>"; };
		0CDE049D1D2DF9E3009E87ED /* HcdTimeSheetView.h */ = {isa = PBXFileReference; fileEncoding = 4; lastKnownFileType = sourcecode.c.h; path = HcdTimeSheetView.h; sourceTree = "<group>"; };
		0CDE049E1D2DF9E3009E87ED /* HcdTimeSheetView.m */ = {isa = PBXFileReference; fileEncoding = 4; lastKnownFileType = sourcecode.c.objc; path = HcdTimeSheetView.m; sourceTree = "<group>"; };
		0CDE04A01D2DFCAB009E87ED /* progress_icon_l@2x.png */ = {isa = PBXFileReference; lastKnownFileType = image.png; path = "progress_icon_l@2x.png"; sourceTree = "<group>"; };
		0CDE04A11D2DFCAB009E87ED /* progress_icon_l@3x.png */ = {isa = PBXFileReference; lastKnownFileType = image.png; path = "progress_icon_l@3x.png"; sourceTree = "<group>"; };
		0CDE04A41D2DFCCF009E87ED /* progress_icon_r@2x.png */ = {isa = PBXFileReference; lastKnownFileType = image.png; path = "progress_icon_r@2x.png"; sourceTree = "<group>"; };
		0CDE04A51D2DFCCF009E87ED /* progress_icon_r@3x.png */ = {isa = PBXFileReference; lastKnownFileType = image.png; path = "progress_icon_r@3x.png"; sourceTree = "<group>"; };
/* End PBXFileReference section */

/* Begin PBXFrameworksBuildPhase section */
		0C168D441D2666A30008F58A /* Frameworks */ = {
			isa = PBXFrameworksBuildPhase;
			buildActionMask = 2147483647;
			files = (
				0CD99F881D2A45840069E8B0 /* MobileCoreServices.framework in Frameworks */,
				0C168D691D266E930008F58A /* Foundation.framework in Frameworks */,
				0C168D671D266D010008F58A /* AVFoundation.framework in Frameworks */,
			);
			runOnlyForDeploymentPostprocessing = 0;
		};
/* End PBXFrameworksBuildPhase section */

/* Begin PBXGroup section */
		0C168D3E1D2666A30008F58A = {
			isa = PBXGroup;
			children = (
				0CD99F871D2A45840069E8B0 /* MobileCoreServices.framework */,
				0C168D681D266E930008F58A /* Foundation.framework */,
				0C168D661D266D010008F58A /* AVFoundation.framework */,
				0C168D491D2666A40008F58A /* hcdCachePlayerDemo */,
				0C168D481D2666A30008F58A /* Products */,
			);
			sourceTree = "<group>";
		};
		0C168D481D2666A30008F58A /* Products */ = {
			isa = PBXGroup;
			children = (
				0C168D471D2666A30008F58A /* hcdCachePlayerDemo.app */,
			);
			name = Products;
			sourceTree = "<group>";
		};
		0C168D491D2666A40008F58A /* hcdCachePlayerDemo */ = {
			isa = PBXGroup;
			children = (
				0CCC797A1D2B950900328529 /* Masonry */,
				0CCC79691D2B3D0700328529 /* resource */,
				0C168D621D266B020008F58A /* hcdCachePlayer */,
				0C168D4D1D2666A50008F58A /* AppDelegate.h */,
				0C168D4E1D2666A50008F58A /* AppDelegate.m */,
				0C168D501D2666A50008F58A /* ViewController.h */,
				0C168D511D2666A50008F58A /* ViewController.m */,
				0C168D561D2666A50008F58A /* Assets.xcassets */,
				0C168D581D2666A50008F58A /* LaunchScreen.storyboard */,
				0C168D5B1D2666A50008F58A /* Info.plist */,
				0C168D4A1D2666A40008F58A /* Supporting Files */,
			);
			path = hcdCachePlayerDemo;
			sourceTree = "<group>";
		};
		0C168D4A1D2666A40008F58A /* Supporting Files */ = {
			isa = PBXGroup;
			children = (
				0C168D4B1D2666A40008F58A /* main.m */,
			);
			name = "Supporting Files";
			sourceTree = "<group>";
		};
		0C168D621D266B020008F58A /* hcdCachePlayer */ = {
			isa = PBXGroup;
			children = (
				0C168D631D266C7F0008F58A /* HcdAudioPlayer.h */,
				0C168D641D266C7F0008F58A /* HcdAudioPlayer.m */,
				0CD99F891D2A52BF0069E8B0 /* NSString+HCD.h */,
				0CD99F8A1D2A52BF0069E8B0 /* NSString+HCD.m */,
				0CD99F6A1D29F75B0069E8B0 /* HcdCacheVideoPlayer.h */,
				0CD99F6B1D29F75B0069E8B0 /* HcdCacheVideoPlayer.m */,
				0CDE049D1D2DF9E3009E87ED /* HcdTimeSheetView.h */,
				0CDE049E1D2DF9E3009E87ED /* HcdTimeSheetView.m */,
				0CCC79A01D2C905A00328529 /* HcdPlayerView.h */,
				0CCC79A11D2C905A00328529 /* HcdPlayerView.m */,
				0CD99F811D2A36DE0069E8B0 /* HcdVideoRequestTask.h */,
				0CD99F821D2A36DE0069E8B0 /* HcdVideoRequestTask.m */,
				0CD99F841D2A3E200069E8B0 /* HcdLoaderURLConnection.h */,
				0CD99F851D2A3E200069E8B0 /* HcdLoaderURLConnection.m */,
			);
			path = hcdCachePlayer;
			sourceTree = "<group>";
		};
		0CCC79691D2B3D0700328529 /* resource */ = {
			isa = PBXGroup;
			children = (
				0CCC796A1D2B3D0700328529 /* icon_full@2x.png */,
				0CCC796B1D2B3D0700328529 /* icon_full@3x.png */,
				0CCC796C1D2B3D0700328529 /* icon_pause@2x.png */,
				0CCC796D1D2B3D0700328529 /* icon_pause@3x.png */,
				0CCC796E1D2B3D0700328529 /* icon_play@2x.png */,
				0CCC796F1D2B3D0700328529 /* icon_play@3x.png */,
				0CCC79701D2B3D0700328529 /* icon_play_hl@2x.png */,
				0CCC79711D2B3D0700328529 /* icon_play_hl@3x.png */,
				0CDE04A01D2DFCAB009E87ED /* progress_icon_l@2x.png */,
				0CDE04A11D2DFCAB009E87ED /* progress_icon_l@3x.png */,
				0CDE04A41D2DFCCF009E87ED /* progress_icon_r@2x.png */,
				0CDE04A51D2DFCCF009E87ED /* progress_icon_r@3x.png */,
			);
			path = resource;
			sourceTree = "<group>";
		};
		0CCC797A1D2B950900328529 /* Masonry */ = {
			isa = PBXGroup;
			children = (
				0CCC797B1D2B950900328529 /* Info.plist */,
				0CCC797C1D2B950900328529 /* MASCompositeConstraint.h */,
				0CCC797D1D2B950900328529 /* MASCompositeConstraint.m */,
				0CCC797E1D2B950900328529 /* MASConstraint+Private.h */,
				0CCC797F1D2B950900328529 /* MASConstraint.h */,
				0CCC79801D2B950900328529 /* MASConstraint.m */,
				0CCC79811D2B950900328529 /* MASConstraintMaker.h */,
				0CCC79821D2B950900328529 /* MASConstraintMaker.m */,
				0CCC79831D2B950900328529 /* MASLayoutConstraint.h */,
				0CCC79841D2B950900328529 /* MASLayoutConstraint.m */,
				0CCC79851D2B950900328529 /* Masonry.h */,
				0CCC79861D2B950900328529 /* MASUtilities.h */,
				0CCC79871D2B950900328529 /* MASViewAttribute.h */,
				0CCC79881D2B950900328529 /* MASViewAttribute.m */,
				0CCC79891D2B950900328529 /* MASViewConstraint.h */,
				0CCC798A1D2B950900328529 /* MASViewConstraint.m */,
				0CCC798B1D2B950900328529 /* NSArray+MASAdditions.h */,
				0CCC798C1D2B950900328529 /* NSArray+MASAdditions.m */,
				0CCC798D1D2B950900328529 /* NSArray+MASShorthandAdditions.h */,
				0CCC798E1D2B950900328529 /* NSLayoutConstraint+MASDebugAdditions.h */,
				0CCC798F1D2B950900328529 /* NSLayoutConstraint+MASDebugAdditions.m */,
				0CCC79901D2B950900328529 /* View+MASAdditions.h */,
				0CCC79911D2B950900328529 /* View+MASAdditions.m */,
				0CCC79921D2B950900328529 /* View+MASShorthandAdditions.h */,
				0CCC79931D2B950900328529 /* ViewController+MASAdditions.h */,
				0CCC79941D2B950900328529 /* ViewController+MASAdditions.m */,
			);
			path = Masonry;
			sourceTree = "<group>";
		};
/* End PBXGroup section */

/* Begin PBXNativeTarget section */
		0C168D461D2666A30008F58A /* hcdCachePlayerDemo */ = {
			isa = PBXNativeTarget;
			buildConfigurationList = 0C168D5E1D2666A50008F58A /* Build configuration list for PBXNativeTarget "hcdCachePlayerDemo" */;
			buildPhases = (
				0C168D431D2666A30008F58A /* Sources */,
				0C168D441D2666A30008F58A /* Frameworks */,
				0C168D451D2666A30008F58A /* Resources */,
			);
			buildRules = (
			);
			dependencies = (
			);
			name = hcdCachePlayerDemo;
			productName = hcdCachePlayerDemo;
			productReference = 0C168D471D2666A30008F58A /* hcdCachePlayerDemo.app */;
			productType = "com.apple.product-type.application";
		};
/* End PBXNativeTarget section */

/* Begin PBXProject section */
		0C168D3F1D2666A30008F58A /* Project object */ = {
			isa = PBXProject;
			attributes = {
				LastUpgradeCheck = 0730;
				ORGANIZATIONNAME = Polesapp;
				TargetAttributes = {
					0C168D461D2666A30008F58A = {
						CreatedOnToolsVersion = 7.3.1;
					};
				};
			};
			buildConfigurationList = 0C168D421D2666A30008F58A /* Build configuration list for PBXProject "hcdCachePlayerDemo" */;
			compatibilityVersion = "Xcode 3.2";
			developmentRegion = English;
			hasScannedForEncodings = 0;
			knownRegions = (
				en,
				Base,
			);
			mainGroup = 0C168D3E1D2666A30008F58A;
			productRefGroup = 0C168D481D2666A30008F58A /* Products */;
			projectDirPath = "";
			projectRoot = "";
			targets = (
				0C168D461D2666A30008F58A /* hcdCachePlayerDemo */,
			);
		};
/* End PBXProject section */

/* Begin PBXResourcesBuildPhase section */
		0C168D451D2666A30008F58A /* Resources */ = {
			isa = PBXResourcesBuildPhase;
			buildActionMask = 2147483647;
			files = (
				0CCC79721D2B3D0700328529 /* icon_full@2x.png in Resources */,
				0CCC79791D2B3D0700328529 /* icon_play_hl@3x.png in Resources */,
				0CCC79741D2B3D0700328529 /* icon_pause@2x.png in Resources */,
				0CDE04A21D2DFCAB009E87ED /* progress_icon_l@2x.png in Resources */,
				0C168D5A1D2666A50008F58A /* LaunchScreen.storyboard in Resources */,
				0CCC79761D2B3D0700328529 /* icon_play@2x.png in Resources */,
				0CCC79781D2B3D0700328529 /* icon_play_hl@2x.png in Resources */,
				0CDE04A71D2DFCCF009E87ED /* progress_icon_r@3x.png in Resources */,
				0CCC79731D2B3D0700328529 /* icon_full@3x.png in Resources */,
				0CCC79771D2B3D0700328529 /* icon_play@3x.png in Resources */,
				0CDE04A61D2DFCCF009E87ED /* progress_icon_r@2x.png in Resources */,
				0CCC79951D2B950900328529 /* Info.plist in Resources */,
				0CDE04A31D2DFCAB009E87ED /* progress_icon_l@3x.png in Resources */,
				0C168D571D2666A50008F58A /* Assets.xcassets in Resources */,
				0CCC79751D2B3D0700328529 /* icon_pause@3x.png in Resources */,
			);
			runOnlyForDeploymentPostprocessing = 0;
		};
/* End PBXResourcesBuildPhase section */

/* Begin PBXSourcesBuildPhase section */
		0C168D431D2666A30008F58A /* Sources */ = {
			isa = PBXSourcesBuildPhase;
			buildActionMask = 2147483647;
			files = (
				0C168D521D2666A50008F58A /* ViewController.m in Sources */,
				0CD99F6C1D29F75B0069E8B0 /* HcdCacheVideoPlayer.m in Sources */,
				0CCC799C1D2B950900328529 /* NSArray+MASAdditions.m in Sources */,
				0CDE049F1D2DF9E3009E87ED /* HcdTimeSheetView.m in Sources */,
				0CCC79A21D2C905A00328529 /* HcdPlayerView.m in Sources */,
				0CD99F8B1D2A52BF0069E8B0 /* NSString+HCD.m in Sources */,
				0CD99F861D2A3E200069E8B0 /* HcdLoaderURLConnection.m in Sources */,
				0CCC799E1D2B950900328529 /* View+MASAdditions.m in Sources */,
				0CCC79991D2B950900328529 /* MASLayoutConstraint.m in Sources */,
				0CCC79971D2B950900328529 /* MASConstraint.m in Sources */,
				0CCC799D1D2B950900328529 /* NSLayoutConstraint+MASDebugAdditions.m in Sources */,
				0CCC79961D2B950900328529 /* MASCompositeConstraint.m in Sources */,
				0CD99F831D2A36DE0069E8B0 /* HcdVideoRequestTask.m in Sources */,
				0C168D651D266C7F0008F58A /* HcdAudioPlayer.m in Sources */,
				0C168D4F1D2666A50008F58A /* AppDelegate.m in Sources */,
				0CCC79981D2B950900328529 /* MASConstraintMaker.m in Sources */,
				0CCC799F1D2B950900328529 /* ViewController+MASAdditions.m in Sources */,
				0CCC799B1D2B950900328529 /* MASViewConstraint.m in Sources */,
				0C168D4C1D2666A40008F58A /* main.m in Sources */,
				0CCC799A1D2B950900328529 /* MASViewAttribute.m in Sources */,
			);
			runOnlyForDeploymentPostprocessing = 0;
		};
/* End PBXSourcesBuildPhase section */

/* Begin PBXVariantGroup section */
		0C168D581D2666A50008F58A /* LaunchScreen.storyboard */ = {
			isa = PBXVariantGroup;
			children = (
				0C168D591D2666A50008F58A /* Base */,
			);
			name = LaunchScreen.storyboard;
			sourceTree = "<group>";
		};
/* End PBXVariantGroup section */

/* Begin XCBuildConfiguration section */
		0C168D5C1D2666A50008F58A /* Debug */ = {
			isa = XCBuildConfiguration;
			buildSettings = {
				ALWAYS_SEARCH_USER_PATHS = NO;
				CLANG_ANALYZER_NONNULL = YES;
				CLANG_CXX_LANGUAGE_STANDARD = "gnu++0x";
				CLANG_CXX_LIBRARY = "libc++";
				CLANG_ENABLE_MODULES = YES;
				CLANG_ENABLE_OBJC_ARC = YES;
				CLANG_WARN_BOOL_CONVERSION = YES;
				CLANG_WARN_CONSTANT_CONVERSION = YES;
				CLANG_WARN_DIRECT_OBJC_ISA_USAGE = YES_ERROR;
				CLANG_WARN_EMPTY_BODY = YES;
				CLANG_WARN_ENUM_CONVERSION = YES;
				CLANG_WARN_INT_CONVERSION = YES;
				CLANG_WARN_OBJC_ROOT_CLASS = YES_ERROR;
				CLANG_WARN_UNREACHABLE_CODE = YES;
				CLANG_WARN__DUPLICATE_METHOD_MATCH = YES;
				"CODE_SIGN_IDENTITY[sdk=iphoneos*]" = "iPhone Developer";
				COPY_PHASE_STRIP = NO;
				DEBUG_INFORMATION_FORMAT = dwarf;
				ENABLE_STRICT_OBJC_MSGSEND = YES;
				ENABLE_TESTABILITY = YES;
				GCC_C_LANGUAGE_STANDARD = gnu99;
				GCC_DYNAMIC_NO_PIC = NO;
				GCC_NO_COMMON_BLOCKS = YES;
				GCC_OPTIMIZATION_LEVEL = 0;
				GCC_PREPROCESSOR_DEFINITIONS = (
					"DEBUG=1",
					"$(inherited)",
				);
				GCC_WARN_64_TO_32_BIT_CONVERSION = YES;
				GCC_WARN_ABOUT_RETURN_TYPE = YES_ERROR;
				GCC_WARN_UNDECLARED_SELECTOR = YES;
				GCC_WARN_UNINITIALIZED_AUTOS = YES_AGGRESSIVE;
				GCC_WARN_UNUSED_FUNCTION = YES;
				GCC_WARN_UNUSED_VARIABLE = YES;
				IPHONEOS_DEPLOYMENT_TARGET = 9.3;
				MTL_ENABLE_DEBUG_INFO = YES;
				ONLY_ACTIVE_ARCH = YES;
				SDKROOT = iphoneos;
			};
			name = Debug;
		};
		0C168D5D1D2666A50008F58A /* Release */ = {
			isa = XCBuildConfiguration;
			buildSettings = {
				ALWAYS_SEARCH_USER_PATHS = NO;
				CLANG_ANALYZER_NONNULL = YES;
				CLANG_CXX_LANGUAGE_STANDARD = "gnu++0x";
				CLANG_CXX_LIBRARY = "libc++";
				CLANG_ENABLE_MODULES = YES;
				CLANG_ENABLE_OBJC_ARC = YES;
				CLANG_WARN_BOOL_CONVERSION = YES;
				CLANG_WARN_CONSTANT_CONVERSION = YES;
				CLANG_WARN_DIRECT_OBJC_ISA_USAGE = YES_ERROR;
				CLANG_WARN_EMPTY_BODY = YES;
				CLANG_WARN_ENUM_CONVERSION = YES;
				CLANG_WARN_INT_CONVERSION = YES;
				CLANG_WARN_OBJC_ROOT_CLASS = YES_ERROR;
				CLANG_WARN_UNREACHABLE_CODE = YES;
				CLANG_WARN__DUPLICATE_METHOD_MATCH = YES;
				"CODE_SIGN_IDENTITY[sdk=iphoneos*]" = "iPhone Developer";
				COPY_PHASE_STRIP = NO;
				DEBUG_INFORMATION_FORMAT = "dwarf-with-dsym";
				ENABLE_NS_ASSERTIONS = NO;
				ENABLE_STRICT_OBJC_MSGSEND = YES;
				GCC_C_LANGUAGE_STANDARD = gnu99;
				GCC_NO_COMMON_BLOCKS = YES;
				GCC_WARN_64_TO_32_BIT_CONVERSION = YES;
				GCC_WARN_ABOUT_RETURN_TYPE = YES_ERROR;
				GCC_WARN_UNDECLARED_SELECTOR = YES;
				GCC_WARN_UNINITIALIZED_AUTOS = YES_AGGRESSIVE;
				GCC_WARN_UNUSED_FUNCTION = YES;
				GCC_WARN_UNUSED_VARIABLE = YES;
				IPHONEOS_DEPLOYMENT_TARGET = 9.3;
				MTL_ENABLE_DEBUG_INFO = NO;
				SDKROOT = iphoneos;
				VALIDATE_PRODUCT = YES;
			};
			name = Release;
		};
		0C168D5F1D2666A50008F58A /* Debug */ = {
			isa = XCBuildConfiguration;
			buildSettings = {
				ASSETCATALOG_COMPILER_APPICON_NAME = AppIcon;
				INFOPLIST_FILE = hcdCachePlayerDemo/Info.plist;
				IPHONEOS_DEPLOYMENT_TARGET = 7.0;
				LD_RUNPATH_SEARCH_PATHS = "$(inherited) @executable_path/Frameworks";
				PRODUCT_BUNDLE_IDENTIFIER = cc.jvaeyhcd.hcdCachePlayerDemo;
				PRODUCT_NAME = "$(TARGET_NAME)";
			};
			name = Debug;
		};
		0C168D601D2666A50008F58A /* Release */ = {
			isa = XCBuildConfiguration;
			buildSettings = {
				ASSETCATALOG_COMPILER_APPICON_NAME = AppIcon;
				INFOPLIST_FILE = hcdCachePlayerDemo/Info.plist;
				IPHONEOS_DEPLOYMENT_TARGET = 7.0;
				LD_RUNPATH_SEARCH_PATHS = "$(inherited) @executable_path/Frameworks";
				PRODUCT_BUNDLE_IDENTIFIER = cc.jvaeyhcd.hcdCachePlayerDemo;
				PRODUCT_NAME = "$(TARGET_NAME)";
			};
			name = Release;
		};
/* End XCBuildConfiguration section */

/* Begin XCConfigurationList section */
		0C168D421D2666A30008F58A /* Build configuration list for PBXProject "hcdCachePlayerDemo" */ = {
			isa = XCConfigurationList;
			buildConfigurations = (
				0C168D5C1D2666A50008F58A /* Debug */,
				0C168D5D1D2666A50008F58A /* Release */,
			);
			defaultConfigurationIsVisible = 0;
			defaultConfigurationName = Release;
		};
		0C168D5E1D2666A50008F58A /* Build configuration list for PBXNativeTarget "hcdCachePlayerDemo" */ = {
			isa = XCConfigurationList;
			buildConfigurations = (
				0C168D5F1D2666A50008F58A /* Debug */,
				0C168D601D2666A50008F58A /* Release */,
			);
			defaultConfigurationIsVisible = 0;
			defaultConfigurationName = Release;
		};
/* End XCConfigurationList section */
	};
	rootObject = 0C168D3F1D2666A30008F58A /* Project object */;
}
